
Microsoft Visual Studio Solution File, Format Version 12.00
# Visual Studio Version 17
VisualStudioVersion = 17.9.34728.123
MinimumVisualStudioVersion = 10.0.40219.1
Project("{FAE04EC0-301F-11D3-BF4B-00C04F79EFBC}") = "InheritanceToDOTNET", "InheritanceToDOTNET\InheritanceToDOTNET.csproj", "{6607A023-FCEE-4CC5-904A-A56120C02516}"
EndProject
Project("{FAE04EC0-301F-11D3-BF4B-00C04F79EFBC}") = "Academy", "Academy\Academy.csproj", "{B6C00B10-0725-414F-B48C-B9113316EFD7}"
EndProject
Project("{FAE04EC0-301F-11D3-BF4B-00C04F79EFBC}") = "AbstractGeometry", "AbstractGeometry\AbstractGeometry.csproj", "{9997804E-BFA0-404D-BB4F-5C7A7EA20B52}"
EndProject
Project("{FAE04EC0-301F-11D3-BF4B-00C04F79EFBC}") = "AbstractBaseClass", "AbstractBaseClass\AbstractBaseClass.csproj", "{51426914-E72D-4080-AE7F-EF0FAA786474}"
EndProject
Global
	GlobalSection(SolutionConfigurationPlatforms) = preSolution
		Debug|Any CPU = Debug|Any CPU
		Release|Any CPU = Release|Any CPU
	EndGlobalSection
	GlobalSection(ProjectConfigurationPlatforms) = postSolution
		{6607A023-FCEE-4CC5-904A-A56120C02516}.Debug|Any CPU.ActiveCfg = Debug|Any CPU
		{6607A023-FCEE-4CC5-904A-A56120C02516}.Debug|Any CPU.Build.0 = Debug|Any CPU
		{6607A023-FCEE-4CC5-904A-A56120C02516}.Release|Any CPU.ActiveCfg = Release|Any CPU
		{6607A023-FCEE-4CC5-904A-A56120C02516}.Release|Any CPU.Build.0 = Release|Any CPU
		{B6C00B10-0725-414F-B48C-B9113316EFD7}.Debug|Any CPU.ActiveCfg = Debug|Any CPU
		{B6C00B10-0725-414F-B48C-B9113316EFD7}.Debug|Any CPU.Build.0 = Debug|Any CPU
		{B6C00B10-0725-414F-B48C-B9113316EFD7}.Release|Any CPU.ActiveCfg = Release|Any CPU
		{B6C00B10-0725-414F-B48C-B9113316EFD7}.Release|Any CPU.Build.0 = Release|Any CPU
		{9997804E-BFA0-404D-BB4F-5C7A7EA20B52}.Debug|Any CPU.ActiveCfg = Debug|Any CPU
		{9997804E-BFA0-404D-BB4F-5C7A7EA20B52}.Debug|Any CPU.Build.0 = Debug|Any CPU
		{9997804E-BFA0-404D-BB4F-5C7A7EA20B52}.Release|Any CPU.ActiveCfg = Release|Any CPU
		{9997804E-BFA0-404D-BB4F-5C7A7EA20B52}.Release|Any CPU.Build.0 = Release|Any CPU
		{51426914-E72D-4080-AE7F-EF0FAA786474}.Debug|Any CPU.ActiveCfg = Debug|Any CPU
		{51426914-E72D-4080-AE7F-EF0FAA786474}.Debug|Any CPU.Build.0 = Debug|Any CPU
		{51426914-E72D-4080-AE7F-EF0FAA786474}.Release|Any CPU.ActiveCfg = Release|Any CPU
		{51426914-E72D-4080-AE7F-EF0FAA786474}.Release|Any CPU.Build.0 = Release|Any CPU
	EndGlobalSection
	GlobalSection(SolutionProperties) = preSolution
		HideSolutionNode = FALSE
	EndGlobalSection
	GlobalSection(ExtensibilityGlobals) = postSolution
		SolutionGuid = {82640F62-B9D1-43C3-A1A0-70B7AEB62AC2}
	EndGlobalSection
EndGlobal
